
Microsoft Visual Studio Solution File, Format Version 12.00
# Visual Studio Version 17
VisualStudioVersion = 17.9.34607.119
MinimumVisualStudioVersion = 10.0.40219.1
Project("{FAE04EC0-301F-11D3-BF4B-00C04F79EFBC}") = "ConsoleApp2", "ConsoleApp2.csproj", "{3F29957B-BD15-4C5E-AE0B-C215F5E7743D}"
EndProject
Global
	GlobalSection(SolutionConfigurationPlatforms) = preSolution
		Debug|Any CPU = Debug|Any CPU
		Release|Any CPU = Release|Any CPU
	EndGlobalSection
	GlobalSection(ProjectConfigurationPlatforms) = postSolution
		{3F29957B-BD15-4C5E-AE0B-C215F5E7743D}.Debug|Any CPU.ActiveCfg = Debug|Any CPU
		{3F29957B-BD15-4C5E-AE0B-C215F5E7743D}.Debug|Any CPU.Build.0 = Debug|Any CPU
		{3F29957B-BD15-4C5E-AE0B-C215F5E7743D}.Release|Any CPU.ActiveCfg = Release|Any CPU
		{3F29957B-BD15-4C5E-AE0B-C215F5E7743D}.Release|Any CPU.Build.0 = Release|Any CPU
	EndGlobalSection
	GlobalSection(SolutionProperties) = preSolution
		HideSolutionNode = FALSE
	EndGlobalSection
	GlobalSection(ExtensibilityGlobals) = postSolution
		SolutionGuid = {B98ABB23-6A23-4FA3-8788-4E71174F7444}
	EndGlobalSection
EndGlobal
