
Microsoft Visual Studio Solution File, Format Version 12.00
# Visual Studio Version 17
VisualStudioVersion = 17.9.34607.119
MinimumVisualStudioVersion = 10.0.40219.1
Project("{FAE04EC0-301F-11D3-BF4B-00C04F79EFBC}") = "Laboration 1", "Laboration 1.csproj", "{B070D4D9-AD5E-4F8E-9309-6EDD0DC71C63}"
EndProject
Global
	GlobalSection(SolutionConfigurationPlatforms) = preSolution
		Debug|Any CPU = Debug|Any CPU
		Release|Any CPU = Release|Any CPU
	EndGlobalSection
	GlobalSection(ProjectConfigurationPlatforms) = postSolution
		{B070D4D9-AD5E-4F8E-9309-6EDD0DC71C63}.Debug|Any CPU.ActiveCfg = Debug|Any CPU
		{B070D4D9-AD5E-4F8E-9309-6EDD0DC71C63}.Debug|Any CPU.Build.0 = Debug|Any CPU
		{B070D4D9-AD5E-4F8E-9309-6EDD0DC71C63}.Release|Any CPU.ActiveCfg = Release|Any CPU
		{B070D4D9-AD5E-4F8E-9309-6EDD0DC71C63}.Release|Any CPU.Build.0 = Release|Any CPU
	EndGlobalSection
	GlobalSection(SolutionProperties) = preSolution
		HideSolutionNode = FALSE
	EndGlobalSection
	GlobalSection(ExtensibilityGlobals) = postSolution
		SolutionGuid = {3F2A62AE-C438-45E0-A41F-1579A60F1E09}
	EndGlobalSection
EndGlobal
