
Microsoft Visual Studio Solution File, Format Version 12.00
# Visual Studio Version 17
VisualStudioVersion = 17.9.34607.119
MinimumVisualStudioVersion = 10.0.40219.1
Project("{FAE04EC0-301F-11D3-BF4B-00C04F79EFBC}") = "Labb.2", "Labb.2.csproj", "{D4CB21A5-0A4B-4826-A9D0-89045E2BCB3E}"
EndProject
Global
	GlobalSection(SolutionConfigurationPlatforms) = preSolution
		Debug|Any CPU = Debug|Any CPU
		Release|Any CPU = Release|Any CPU
	EndGlobalSection
	GlobalSection(ProjectConfigurationPlatforms) = postSolution
		{D4CB21A5-0A4B-4826-A9D0-89045E2BCB3E}.Debug|Any CPU.ActiveCfg = Debug|Any CPU
		{D4CB21A5-0A4B-4826-A9D0-89045E2BCB3E}.Debug|Any CPU.Build.0 = Debug|Any CPU
		{D4CB21A5-0A4B-4826-A9D0-89045E2BCB3E}.Release|Any CPU.ActiveCfg = Release|Any CPU
		{D4CB21A5-0A4B-4826-A9D0-89045E2BCB3E}.Release|Any CPU.Build.0 = Release|Any CPU
	EndGlobalSection
	GlobalSection(SolutionProperties) = preSolution
		HideSolutionNode = FALSE
	EndGlobalSection
	GlobalSection(ExtensibilityGlobals) = postSolution
		SolutionGuid = {33F7F38E-A49B-4703-B4E0-EA983BB1345A}
	EndGlobalSection
EndGlobal
